
Microsoft Visual Studio Solution File, Format Version 12.00
# Visual Studio 15
VisualStudioVersion = 15.0.27703.2035
MinimumVisualStudioVersion = 10.0.40219.1
Project("{F184B08F-C81C-45F6-A57F-5ABD9991F28F}") = "AmgSistemas.Framework.AcessoDados", "AmgSistemas.Framework.AcessoDados\AmgSistemas.Framework.AcessoDados.vbproj", "{B2AC7CE0-BE84-41B2-AB72-A2BE1BEAC920}"
EndProject
Project("{F184B08F-C81C-45F6-A57F-5ABD9991F28F}") = "AmgSistemas.Framework.Dicionario", "AmgSistemas.Dicionario\AmgSistemas.Framework.Dicionario.vbproj", "{B43AAA2C-95AD-439D-8245-FECB1B1DF069}"
EndProject
Project("{F184B08F-C81C-45F6-A57F-5ABD9991F28F}") = "AmgSistemas.Framework.Utilitarios", "AmgSistemas.Utilitarios\AmgSistemas.Framework.Utilitarios.vbproj", "{8B7550BA-1AB1-41C6-A552-F6F4CA3D7ED0}"
EndProject
Project("{F184B08F-C81C-45F6-A57F-5ABD9991F28F}") = "AmgSistemas.Framework.Dlls", "AmgSistemas.Dlls\AmgSistemas.Framework.Dlls.vbproj", "{61080AC5-6321-4575-9B5F-96EBC073D4F9}"
EndProject
Project("{F184B08F-C81C-45F6-A57F-5ABD9991F28F}") = "AmgSistemas.Framework.Email", "AmgSistemas.Framework.Email\AmgSistemas.Framework.Email.vbproj", "{9260AB68-B7DF-4926-A4FD-A16A2524BEB0}"
EndProject
Project("{F184B08F-C81C-45F6-A57F-5ABD9991F28F}") = "AmgSistemas.Framework.Criptografia", "AmgSistemas.Framework.Criptografia\AmgSistemas.Framework.Criptografia.vbproj", "{F33A33B3-0263-445B-9648-675152FD3BC3}"
EndProject
Project("{F184B08F-C81C-45F6-A57F-5ABD9991F28F}") = "AmgSistemas.Framework.ConsultaCep", "AmgSistemas.Framework.ConsultaCep\AmgSistemas.Framework.ConsultaCep.vbproj", "{FEC2A396-E74B-4E2D-812D-94080DA468C9}"
EndProject
Project("{F184B08F-C81C-45F6-A57F-5ABD9991F28F}") = "AmgSistemas.Framework.Componentes", "AmgSistemas.Framework.Componentes\AmgSistemas.Framework.Componentes.vbproj", "{C144254A-9F3B-4A12-B6F2-D29C683C63FD}"
EndProject
Project("{F184B08F-C81C-45F6-A57F-5ABD9991F28F}") = "AmgSistemas.Framework.Teste", "AmgSistemas.Framework.Teste\AmgSistemas.Framework.Teste.vbproj", "{A4FCEF82-0667-400A-B1F3-8A8706D35EFC}"
EndProject
Project("{F184B08F-C81C-45F6-A57F-5ABD9991F28F}") = "AmgSistemas.Framework.WindowsForms", "AmgSistemas.Framework.WindowsForms\AmgSistemas.Framework.WindowsForms.vbproj", "{F257D75F-9F73-43F7-832F-596BE8C27D2A}"
EndProject
Project("{2150E333-8FDC-42A3-9474-1A3956D46DE8}") = "Solution Items", "Solution Items", "{FED23C84-46A5-4142-A844-6ED8C0891D46}"
	ProjectSection(SolutionItems) = preProject
		GlobalAssemblyInfo.vb = GlobalAssemblyInfo.vb
	EndProjectSection
EndProject
Project("{F184B08F-C81C-45F6-A57F-5ABD9991F28F}") = "AmgSistemas.Framework.Web", "AmgSistemas.Framework.Web\AmgSistemas.Framework.Web.vbproj", "{56404166-35F4-42FA-8BC9-BBFBA10AEA36}"
EndProject
Project("{FAE04EC0-301F-11D3-BF4B-00C04F79EFBC}") = "Testes", "Testes\Testes.csproj", "{3AD3BF2D-9C55-4A6D-970F-9526D982E812}"
EndProject
Global
	GlobalSection(SolutionConfigurationPlatforms) = preSolution
		Debug|Any CPU = Debug|Any CPU
		Debug|Mixed Platforms = Debug|Mixed Platforms
		Debug|x86 = Debug|x86
		Release|Any CPU = Release|Any CPU
		Release|Mixed Platforms = Release|Mixed Platforms
		Release|x86 = Release|x86
	EndGlobalSection
	GlobalSection(ProjectConfigurationPlatforms) = postSolution
		{B2AC7CE0-BE84-41B2-AB72-A2BE1BEAC920}.Debug|Any CPU.ActiveCfg = Debug|Any CPU
		{B2AC7CE0-BE84-41B2-AB72-A2BE1BEAC920}.Debug|Any CPU.Build.0 = Debug|Any CPU
		{B2AC7CE0-BE84-41B2-AB72-A2BE1BEAC920}.Debug|Mixed Platforms.ActiveCfg = Debug|Any CPU
		{B2AC7CE0-BE84-41B2-AB72-A2BE1BEAC920}.Debug|Mixed Platforms.Build.0 = Debug|Any CPU
		{B2AC7CE0-BE84-41B2-AB72-A2BE1BEAC920}.Debug|x86.ActiveCfg = Debug|Any CPU
		{B2AC7CE0-BE84-41B2-AB72-A2BE1BEAC920}.Release|Any CPU.ActiveCfg = Release|Any CPU
		{B2AC7CE0-BE84-41B2-AB72-A2BE1BEAC920}.Release|Any CPU.Build.0 = Release|Any CPU
		{B2AC7CE0-BE84-41B2-AB72-A2BE1BEAC920}.Release|Mixed Platforms.ActiveCfg = Release|Any CPU
		{B2AC7CE0-BE84-41B2-AB72-A2BE1BEAC920}.Release|Mixed Platforms.Build.0 = Release|Any CPU
		{B2AC7CE0-BE84-41B2-AB72-A2BE1BEAC920}.Release|x86.ActiveCfg = Release|Any CPU
		{B43AAA2C-95AD-439D-8245-FECB1B1DF069}.Debug|Any CPU.ActiveCfg = Debug|Any CPU
		{B43AAA2C-95AD-439D-8245-FECB1B1DF069}.Debug|Any CPU.Build.0 = Debug|Any CPU
		{B43AAA2C-95AD-439D-8245-FECB1B1DF069}.Debug|Mixed Platforms.ActiveCfg = Debug|Any CPU
		{B43AAA2C-95AD-439D-8245-FECB1B1DF069}.Debug|Mixed Platforms.Build.0 = Debug|Any CPU
		{B43AAA2C-95AD-439D-8245-FECB1B1DF069}.Debug|x86.ActiveCfg = Debug|Any CPU
		{B43AAA2C-95AD-439D-8245-FECB1B1DF069}.Release|Any CPU.ActiveCfg = Release|Any CPU
		{B43AAA2C-95AD-439D-8245-FECB1B1DF069}.Release|Any CPU.Build.0 = Release|Any CPU
		{B43AAA2C-95AD-439D-8245-FECB1B1DF069}.Release|Mixed Platforms.ActiveCfg = Release|Any CPU
		{B43AAA2C-95AD-439D-8245-FECB1B1DF069}.Release|Mixed Platforms.Build.0 = Release|Any CPU
		{B43AAA2C-95AD-439D-8245-FECB1B1DF069}.Release|x86.ActiveCfg = Release|Any CPU
		{8B7550BA-1AB1-41C6-A552-F6F4CA3D7ED0}.Debug|Any CPU.ActiveCfg = Debug|Any CPU
		{8B7550BA-1AB1-41C6-A552-F6F4CA3D7ED0}.Debug|Any CPU.Build.0 = Debug|Any CPU
		{8B7550BA-1AB1-41C6-A552-F6F4CA3D7ED0}.Debug|Mixed Platforms.ActiveCfg = Debug|Any CPU
		{8B7550BA-1AB1-41C6-A552-F6F4CA3D7ED0}.Debug|Mixed Platforms.Build.0 = Debug|Any CPU
		{8B7550BA-1AB1-41C6-A552-F6F4CA3D7ED0}.Debug|x86.ActiveCfg = Debug|Any CPU
		{8B7550BA-1AB1-41C6-A552-F6F4CA3D7ED0}.Release|Any CPU.ActiveCfg = Release|Any CPU
		{8B7550BA-1AB1-41C6-A552-F6F4CA3D7ED0}.Release|Any CPU.Build.0 = Release|Any CPU
		{8B7550BA-1AB1-41C6-A552-F6F4CA3D7ED0}.Release|Mixed Platforms.ActiveCfg = Release|Any CPU
		{8B7550BA-1AB1-41C6-A552-F6F4CA3D7ED0}.Release|Mixed Platforms.Build.0 = Release|Any CPU
		{8B7550BA-1AB1-41C6-A552-F6F4CA3D7ED0}.Release|x86.ActiveCfg = Release|Any CPU
		{61080AC5-6321-4575-9B5F-96EBC073D4F9}.Debug|Any CPU.ActiveCfg = Debug|Any CPU
		{61080AC5-6321-4575-9B5F-96EBC073D4F9}.Debug|Any CPU.Build.0 = Debug|Any CPU
		{61080AC5-6321-4575-9B5F-96EBC073D4F9}.Debug|Mixed Platforms.ActiveCfg = Debug|Any CPU
		{61080AC5-6321-4575-9B5F-96EBC073D4F9}.Debug|Mixed Platforms.Build.0 = Debug|Any CPU
		{61080AC5-6321-4575-9B5F-96EBC073D4F9}.Debug|x86.ActiveCfg = Debug|Any CPU
		{61080AC5-6321-4575-9B5F-96EBC073D4F9}.Release|Any CPU.ActiveCfg = Release|Any CPU
		{61080AC5-6321-4575-9B5F-96EBC073D4F9}.Release|Any CPU.Build.0 = Release|Any CPU
		{61080AC5-6321-4575-9B5F-96EBC073D4F9}.Release|Mixed Platforms.ActiveCfg = Release|Any CPU
		{61080AC5-6321-4575-9B5F-96EBC073D4F9}.Release|Mixed Platforms.Build.0 = Release|Any CPU
		{61080AC5-6321-4575-9B5F-96EBC073D4F9}.Release|x86.ActiveCfg = Release|Any CPU
		{9260AB68-B7DF-4926-A4FD-A16A2524BEB0}.Debug|Any CPU.ActiveCfg = Debug|Any CPU
		{9260AB68-B7DF-4926-A4FD-A16A2524BEB0}.Debug|Any CPU.Build.0 = Debug|Any CPU
		{9260AB68-B7DF-4926-A4FD-A16A2524BEB0}.Debug|Mixed Platforms.ActiveCfg = Debug|Any CPU
		{9260AB68-B7DF-4926-A4FD-A16A2524BEB0}.Debug|Mixed Platforms.Build.0 = Debug|Any CPU
		{9260AB68-B7DF-4926-A4FD-A16A2524BEB0}.Debug|x86.ActiveCfg = Debug|Any CPU
		{9260AB68-B7DF-4926-A4FD-A16A2524BEB0}.Release|Any CPU.ActiveCfg = Release|Any CPU
		{9260AB68-B7DF-4926-A4FD-A16A2524BEB0}.Release|Any CPU.Build.0 = Release|Any CPU
		{9260AB68-B7DF-4926-A4FD-A16A2524BEB0}.Release|Mixed Platforms.ActiveCfg = Release|Any CPU
		{9260AB68-B7DF-4926-A4FD-A16A2524BEB0}.Release|Mixed Platforms.Build.0 = Release|Any CPU
		{9260AB68-B7DF-4926-A4FD-A16A2524BEB0}.Release|x86.ActiveCfg = Release|Any CPU
		{F33A33B3-0263-445B-9648-675152FD3BC3}.Debug|Any CPU.ActiveCfg = Debug|Any CPU
		{F33A33B3-0263-445B-9648-675152FD3BC3}.Debug|Any CPU.Build.0 = Debug|Any CPU
		{F33A33B3-0263-445B-9648-675152FD3BC3}.Debug|Mixed Platforms.ActiveCfg = Debug|Any CPU
		{F33A33B3-0263-445B-9648-675152FD3BC3}.Debug|Mixed Platforms.Build.0 = Debug|Any CPU
		{F33A33B3-0263-445B-9648-675152FD3BC3}.Debug|x86.ActiveCfg = Debug|Any CPU
		{F33A33B3-0263-445B-9648-675152FD3BC3}.Release|Any CPU.ActiveCfg = Release|Any CPU
		{F33A33B3-0263-445B-9648-675152FD3BC3}.Release|Any CPU.Build.0 = Release|Any CPU
		{F33A33B3-0263-445B-9648-675152FD3BC3}.Release|Mixed Platforms.ActiveCfg = Release|Any CPU
		{F33A33B3-0263-445B-9648-675152FD3BC3}.Release|Mixed Platforms.Build.0 = Release|Any CPU
		{F33A33B3-0263-445B-9648-675152FD3BC3}.Release|x86.ActiveCfg = Release|Any CPU
		{FEC2A396-E74B-4E2D-812D-94080DA468C9}.Debug|Any CPU.ActiveCfg = Debug|Any CPU
		{FEC2A396-E74B-4E2D-812D-94080DA468C9}.Debug|Any CPU.Build.0 = Debug|Any CPU
		{FEC2A396-E74B-4E2D-812D-94080DA468C9}.Debug|Mixed Platforms.ActiveCfg = Debug|Any CPU
		{FEC2A396-E74B-4E2D-812D-94080DA468C9}.Debug|Mixed Platforms.Build.0 = Debug|Any CPU
		{FEC2A396-E74B-4E2D-812D-94080DA468C9}.Debug|x86.ActiveCfg = Debug|Any CPU
		{FEC2A396-E74B-4E2D-812D-94080DA468C9}.Release|Any CPU.ActiveCfg = Release|Any CPU
		{FEC2A396-E74B-4E2D-812D-94080DA468C9}.Release|Any CPU.Build.0 = Release|Any CPU
		{FEC2A396-E74B-4E2D-812D-94080DA468C9}.Release|Mixed Platforms.ActiveCfg = Release|Any CPU
		{FEC2A396-E74B-4E2D-812D-94080DA468C9}.Release|Mixed Platforms.Build.0 = Release|Any CPU
		{FEC2A396-E74B-4E2D-812D-94080DA468C9}.Release|x86.ActiveCfg = Release|Any CPU
		{C144254A-9F3B-4A12-B6F2-D29C683C63FD}.Debug|Any CPU.ActiveCfg = Debug|Any CPU
		{C144254A-9F3B-4A12-B6F2-D29C683C63FD}.Debug|Any CPU.Build.0 = Debug|Any CPU
		{C144254A-9F3B-4A12-B6F2-D29C683C63FD}.Debug|Mixed Platforms.ActiveCfg = Debug|Any CPU
		{C144254A-9F3B-4A12-B6F2-D29C683C63FD}.Debug|Mixed Platforms.Build.0 = Debug|Any CPU
		{C144254A-9F3B-4A12-B6F2-D29C683C63FD}.Debug|x86.ActiveCfg = Debug|Any CPU
		{C144254A-9F3B-4A12-B6F2-D29C683C63FD}.Release|Any CPU.ActiveCfg = Release|Any CPU
		{C144254A-9F3B-4A12-B6F2-D29C683C63FD}.Release|Any CPU.Build.0 = Release|Any CPU
		{C144254A-9F3B-4A12-B6F2-D29C683C63FD}.Release|Mixed Platforms.ActiveCfg = Release|Any CPU
		{C144254A-9F3B-4A12-B6F2-D29C683C63FD}.Release|Mixed Platforms.Build.0 = Release|Any CPU
		{C144254A-9F3B-4A12-B6F2-D29C683C63FD}.Release|x86.ActiveCfg = Release|Any CPU
		{A4FCEF82-0667-400A-B1F3-8A8706D35EFC}.Debug|Any CPU.ActiveCfg = Debug|x86
		{A4FCEF82-0667-400A-B1F3-8A8706D35EFC}.Debug|Mixed Platforms.ActiveCfg = Debug|x86
		{A4FCEF82-0667-400A-B1F3-8A8706D35EFC}.Debug|Mixed Platforms.Build.0 = Debug|x86
		{A4FCEF82-0667-400A-B1F3-8A8706D35EFC}.Debug|x86.ActiveCfg = Debug|x86
		{A4FCEF82-0667-400A-B1F3-8A8706D35EFC}.Debug|x86.Build.0 = Debug|x86
		{A4FCEF82-0667-400A-B1F3-8A8706D35EFC}.Release|Any CPU.ActiveCfg = Release|x86
		{A4FCEF82-0667-400A-B1F3-8A8706D35EFC}.Release|Mixed Platforms.ActiveCfg = Release|x86
		{A4FCEF82-0667-400A-B1F3-8A8706D35EFC}.Release|Mixed Platforms.Build.0 = Release|x86
		{A4FCEF82-0667-400A-B1F3-8A8706D35EFC}.Release|x86.ActiveCfg = Release|x86
		{A4FCEF82-0667-400A-B1F3-8A8706D35EFC}.Release|x86.Build.0 = Release|x86
		{F257D75F-9F73-43F7-832F-596BE8C27D2A}.Debug|Any CPU.ActiveCfg = Debug|Any CPU
		{F257D75F-9F73-43F7-832F-596BE8C27D2A}.Debug|Any CPU.Build.0 = Debug|Any CPU
		{F257D75F-9F73-43F7-832F-596BE8C27D2A}.Debug|Mixed Platforms.ActiveCfg = Debug|Any CPU
		{F257D75F-9F73-43F7-832F-596BE8C27D2A}.Debug|Mixed Platforms.Build.0 = Debug|Any CPU
		{F257D75F-9F73-43F7-832F-596BE8C27D2A}.Debug|x86.ActiveCfg = Debug|Any CPU
		{F257D75F-9F73-43F7-832F-596BE8C27D2A}.Release|Any CPU.ActiveCfg = Release|Any CPU
		{F257D75F-9F73-43F7-832F-596BE8C27D2A}.Release|Any CPU.Build.0 = Release|Any CPU
		{F257D75F-9F73-43F7-832F-596BE8C27D2A}.Release|Mixed Platforms.ActiveCfg = Release|Any CPU
		{F257D75F-9F73-43F7-832F-596BE8C27D2A}.Release|Mixed Platforms.Build.0 = Release|Any CPU
		{F257D75F-9F73-43F7-832F-596BE8C27D2A}.Release|x86.ActiveCfg = Release|Any CPU
		{56404166-35F4-42FA-8BC9-BBFBA10AEA36}.Debug|Any CPU.ActiveCfg = Debug|Any CPU
		{56404166-35F4-42FA-8BC9-BBFBA10AEA36}.Debug|Any CPU.Build.0 = Debug|Any CPU
		{56404166-35F4-42FA-8BC9-BBFBA10AEA36}.Debug|Mixed Platforms.ActiveCfg = Debug|Any CPU
		{56404166-35F4-42FA-8BC9-BBFBA10AEA36}.Debug|Mixed Platforms.Build.0 = Debug|Any CPU
		{56404166-35F4-42FA-8BC9-BBFBA10AEA36}.Debug|x86.ActiveCfg = Debug|Any CPU
		{56404166-35F4-42FA-8BC9-BBFBA10AEA36}.Release|Any CPU.ActiveCfg = Release|Any CPU
		{56404166-35F4-42FA-8BC9-BBFBA10AEA36}.Release|Any CPU.Build.0 = Release|Any CPU
		{56404166-35F4-42FA-8BC9-BBFBA10AEA36}.Release|Mixed Platforms.ActiveCfg = Release|Any CPU
		{56404166-35F4-42FA-8BC9-BBFBA10AEA36}.Release|Mixed Platforms.Build.0 = Release|Any CPU
		{56404166-35F4-42FA-8BC9-BBFBA10AEA36}.Release|x86.ActiveCfg = Release|Any CPU
		{3AD3BF2D-9C55-4A6D-970F-9526D982E812}.Debug|Any CPU.ActiveCfg = Debug|Any CPU
		{3AD3BF2D-9C55-4A6D-970F-9526D982E812}.Debug|Any CPU.Build.0 = Debug|Any CPU
		{3AD3BF2D-9C55-4A6D-970F-9526D982E812}.Debug|Mixed Platforms.ActiveCfg = Debug|Any CPU
		{3AD3BF2D-9C55-4A6D-970F-9526D982E812}.Debug|Mixed Platforms.Build.0 = Debug|Any CPU
		{3AD3BF2D-9C55-4A6D-970F-9526D982E812}.Debug|x86.ActiveCfg = Debug|Any CPU
		{3AD3BF2D-9C55-4A6D-970F-9526D982E812}.Debug|x86.Build.0 = Debug|Any CPU
		{3AD3BF2D-9C55-4A6D-970F-9526D982E812}.Release|Any CPU.ActiveCfg = Release|Any CPU
		{3AD3BF2D-9C55-4A6D-970F-9526D982E812}.Release|Any CPU.Build.0 = Release|Any CPU
		{3AD3BF2D-9C55-4A6D-970F-9526D982E812}.Release|Mixed Platforms.ActiveCfg = Release|Any CPU
		{3AD3BF2D-9C55-4A6D-970F-9526D982E812}.Release|Mixed Platforms.Build.0 = Release|Any CPU
		{3AD3BF2D-9C55-4A6D-970F-9526D982E812}.Release|x86.ActiveCfg = Release|Any CPU
		{3AD3BF2D-9C55-4A6D-970F-9526D982E812}.Release|x86.Build.0 = Release|Any CPU
	EndGlobalSection
	GlobalSection(SolutionProperties) = preSolution
		HideSolutionNode = FALSE
	EndGlobalSection
	GlobalSection(ExtensibilityGlobals) = postSolution
		SolutionGuid = {FF68B05D-5031-48DF-AB65-30E52A2210ED}
	EndGlobalSection
	GlobalSection(TeamFoundationVersionControl) = preSolution
		SccNumberOfProjects = 13
		SccEnterpriseProvider = {4CA58AB2-18FA-4F8D-95D4-32DDF27D184C}
		SccTeamFoundationServer = https://anselmomgois.visualstudio.com/
		SccLocalPath0 = .
		SccProjectUniqueName1 = AmgSistemas.Framework.AcessoDados\\AmgSistemas.Framework.AcessoDados.vbproj
		SccProjectName1 = AmgSistemas.Framework.AcessoDados
		SccLocalPath1 = AmgSistemas.Framework.AcessoDados
		SccProjectUniqueName2 = AmgSistemas.Dicionario\\AmgSistemas.Framework.Dicionario.vbproj
		SccProjectName2 = AmgSistemas.Dicionario
		SccLocalPath2 = AmgSistemas.Dicionario
		SccProjectUniqueName3 = AmgSistemas.Utilitarios\\AmgSistemas.Framework.Utilitarios.vbproj
		SccProjectName3 = AmgSistemas.Utilitarios
		SccLocalPath3 = AmgSistemas.Utilitarios
		SccProjectUniqueName4 = AmgSistemas.Dlls\\AmgSistemas.Framework.Dlls.vbproj
		SccProjectName4 = AmgSistemas.Dlls
		SccLocalPath4 = AmgSistemas.Dlls
		SccProjectUniqueName5 = AmgSistemas.Framework.Email\\AmgSistemas.Framework.Email.vbproj
		SccProjectName5 = AmgSistemas.Framework.Email
		SccLocalPath5 = AmgSistemas.Framework.Email
		SccProjectUniqueName6 = AmgSistemas.Framework.Criptografia\\AmgSistemas.Framework.Criptografia.vbproj
		SccProjectName6 = AmgSistemas.Framework.Criptografia
		SccLocalPath6 = AmgSistemas.Framework.Criptografia
		SccProjectUniqueName7 = AmgSistemas.Framework.ConsultaCep\\AmgSistemas.Framework.ConsultaCep.vbproj
		SccProjectName7 = AmgSistemas.Framework.ConsultaCep
		SccLocalPath7 = AmgSistemas.Framework.ConsultaCep
		SccProjectUniqueName8 = AmgSistemas.Framework.Componentes\\AmgSistemas.Framework.Componentes.vbproj
		SccProjectName8 = AmgSistemas.Framework.Componentes
		SccLocalPath8 = AmgSistemas.Framework.Componentes
		SccProjectUniqueName9 = AmgSistemas.Framework.Teste\\AmgSistemas.Framework.Teste.vbproj
		SccProjectName9 = AmgSistemas.Framework.Teste
		SccLocalPath9 = AmgSistemas.Framework.Teste
		SccProjectUniqueName10 = AmgSistemas.Framework.WindowsForms\\AmgSistemas.Framework.WindowsForms.vbproj
		SccProjectName10 = AmgSistemas.Framework.WindowsForms
		SccLocalPath10 = AmgSistemas.Framework.WindowsForms
		SccProjectUniqueName11 = AmgSistemas.Framework.Web\\AmgSistemas.Framework.Web.vbproj
		SccProjectName11 = AmgSistemas.Framework.Web
		SccLocalPath11 = AmgSistemas.Framework.Web
		SccProjectUniqueName12 = Testes\\Testes.csproj
		SccProjectName12 = Testes
		SccLocalPath12 = Testes
	EndGlobalSection
EndGlobal
